
Microsoft Visual Studio Solution File, Format Version 12.00
# Visual Studio Version 16
VisualStudioVersion = 16.0.30011.22
MinimumVisualStudioVersion = 10.0.40219.1
Project("{9A19103F-16F7-4668-BE54-9A1E7A4F7556}") = "BlazorApp1.Server", "BlazorApp1\Server\BlazorApp1.Server.csproj", "{5412D8FC-DA27-45B9-9373-F8813618F143}"
EndProject
Project("{9A19103F-16F7-4668-BE54-9A1E7A4F7556}") = "BlazorApp1.Client", "BlazorApp1\Client\BlazorApp1.Client.csproj", "{177ED804-C3CC-45A7-8924-D45A4D2F694B}"
EndProject
Project("{9A19103F-16F7-4668-BE54-9A1E7A4F7556}") = "BlazorApp1.Shared", "BlazorApp1\Shared\BlazorApp1.Shared.csproj", "{AD42C06E-BB26-41E9-8940-5CFA2EB40379}"
EndProject
Global
	GlobalSection(SolutionConfigurationPlatforms) = preSolution
		Debug|Any CPU = Debug|Any CPU
		Release|Any CPU = Release|Any CPU
	EndGlobalSection
	GlobalSection(ProjectConfigurationPlatforms) = postSolution
		{5412D8FC-DA27-45B9-9373-F8813618F143}.Debug|Any CPU.ActiveCfg = Debug|Any CPU
		{5412D8FC-DA27-45B9-9373-F8813618F143}.Debug|Any CPU.Build.0 = Debug|Any CPU
		{5412D8FC-DA27-45B9-9373-F8813618F143}.Release|Any CPU.ActiveCfg = Release|Any CPU
		{5412D8FC-DA27-45B9-9373-F8813618F143}.Release|Any CPU.Build.0 = Release|Any CPU
		{177ED804-C3CC-45A7-8924-D45A4D2F694B}.Debug|Any CPU.ActiveCfg = Debug|Any CPU
		{177ED804-C3CC-45A7-8924-D45A4D2F694B}.Debug|Any CPU.Build.0 = Debug|Any CPU
		{177ED804-C3CC-45A7-8924-D45A4D2F694B}.Release|Any CPU.ActiveCfg = Release|Any CPU
		{177ED804-C3CC-45A7-8924-D45A4D2F694B}.Release|Any CPU.Build.0 = Release|Any CPU
		{AD42C06E-BB26-41E9-8940-5CFA2EB40379}.Debug|Any CPU.ActiveCfg = Debug|Any CPU
		{AD42C06E-BB26-41E9-8940-5CFA2EB40379}.Debug|Any CPU.Build.0 = Debug|Any CPU
		{AD42C06E-BB26-41E9-8940-5CFA2EB40379}.Release|Any CPU.ActiveCfg = Release|Any CPU
		{AD42C06E-BB26-41E9-8940-5CFA2EB40379}.Release|Any CPU.Build.0 = Release|Any CPU
	EndGlobalSection
	GlobalSection(SolutionProperties) = preSolution
		HideSolutionNode = FALSE
	EndGlobalSection
	GlobalSection(ExtensibilityGlobals) = postSolution
		SolutionGuid = {8BDF4B91-55F1-49F5-A013-EA99E4529AD4}
	EndGlobalSection
EndGlobal
